// !$*UTF8*$!
{
	archiveVersion = 1;
	classes = {
	};
	objectVersion = 48;
	objects = {

/* Begin PBXBuildFile section */
		01F679422045060C000B8B42 /* AppDelegate.swift in Sources */ = {isa = PBXBuildFile; fileRef = 01F679412045060C000B8B42 /* AppDelegate.swift */; };
		01F679442045060C000B8B42 /* ViewController.swift in Sources */ = {isa = PBXBuildFile; fileRef = 01F679432045060C000B8B42 /* ViewController.swift */; };
		01F679472045060C000B8B42 /* Main.storyboard in Resources */ = {isa = PBXBuildFile; fileRef = 01F679452045060C000B8B42 /* Main.storyboard */; };
		01F679492045060C000B8B42 /* Assets.xcassets in Resources */ = {isa = PBXBuildFile; fileRef = 01F679482045060C000B8B42 /* Assets.xcassets */; };
		01F6794C2045060C000B8B42 /* LaunchScreen.storyboard in Resources */ = {isa = PBXBuildFile; fileRef = 01F6794A2045060C000B8B42 /* LaunchScreen.storyboard */; };
		01F6795420450628000B8B42 /* Sample.plist in Resources */ = {isa = PBXBuildFile; fileRef = 01F6795320450628000B8B42 /* Sample.plist */; };
		01F67956204532DD000B8B42 /* MyUserDefaults.swift in Sources */ = {isa = PBXBuildFile; fileRef = 01F67955204532DD000B8B42 /* MyUserDefaults.swift */; };
		01F6795820453495000B8B42 /* MyUserDefaults.plist in Resources */ = {isa = PBXBuildFile; fileRef = 01F6795720453495000B8B42 /* MyUserDefaults.plist */; };
/* End PBXBuildFile section */

/* Begin PBXFileReference section */
		01F6793E2045060C000B8B42 /* PlistSample.app */ = {isa = PBXFileReference; explicitFileType = wrapper.application; includeInIndex = 0; path = PlistSample.app; sourceTree = BUILT_PRODUCTS_DIR; };
		01F679412045060C000B8B42 /* AppDelegate.swift */ = {isa = PBXFileReference; lastKnownFileType = sourcecode.swift; path = AppDelegate.swift; sourceTree = "<group>"; };
		01F679432045060C000B8B42 /* ViewController.swift */ = {isa = PBXFileReference; lastKnownFileType = sourcecode.swift; path = ViewController.swift; sourceTree = "<group>"; };
		01F679462045060C000B8B42 /* Base */ = {isa = PBXFileReference; lastKnownFileType = file.storyboard; name = Base; path = Base.lproj/Main.storyboard; sourceTree = "<group>"; };
		01F679482045060C000B8B42 /* Assets.xcassets */ = {isa = PBXFileReference; lastKnownFileType = folder.assetcatalog; path = Assets.xcassets; sourceTree = "<group>"; };
		01F6794B2045060C000B8B42 /* Base */ = {isa = PBXFileReference; lastKnownFileType = file.storyboard; name = Base; path = Base.lproj/LaunchScreen.storyboard; sourceTree = "<group>"; };
		01F6794D2045060C000B8B42 /* Info.plist */ = {isa = PBXFileReference; lastKnownFileType = text.plist.xml; path = Info.plist; sourceTree = "<group>"; };
		01F6795320450628000B8B42 /* Sample.plist */ = {isa = PBXFileReference; lastKnownFileType = text.plist.xml; path = Sample.plist; sourceTree = "<group>"; };
		01F67955204532DD000B8B42 /* MyUserDefaults.swift */ = {isa = PBXFileReference; lastKnownFileType = sourcecode.swift; path = MyUserDefaults.swift; sourceTree = "<group>"; };
		01F6795720453495000B8B42 /* MyUserDefaults.plist */ = {isa = PBXFileReference; lastKnownFileType = text.plist.xml; path = MyUserDefaults.plist; sourceTree = "<group>"; };
/* End PBXFileReference section */

/* Begin PBXFrameworksBuildPhase section */
		01F6793B2045060C000B8B42 /* Frameworks */ = {
			isa = PBXFrameworksBuildPhase;
			buildActionMask = 2147483647;
			files = (
			);
			runOnlyForDeploymentPostprocessing = 0;
		};
/* End PBXFrameworksBuildPhase section */

/* Begin PBXGroup section */
		01F679352045060C000B8B42 = {
			isa = PBXGroup;
			children = (
				01F679402045060C000B8B42 /* PlistSample */,
				01F6793F2045060C000B8B42 /* Products */,
			);
			sourceTree = "<group>";
		};
		01F6793F2045060C000B8B42 /* Products */ = {
			isa = PBXGroup;
			children = (
				01F6793E2045060C000B8B42 /* PlistSample.app */,
			);
			name = Products;
			sourceTree = "<group>";
		};
		01F679402045060C000B8B42 /* PlistSample */ = {
			isa = PBXGroup;
			children = (
				01F679412045060C000B8B42 /* AppDelegate.swift */,
				01F679432045060C000B8B42 /* ViewController.swift */,
				01F67955204532DD000B8B42 /* MyUserDefaults.swift */,
				01F679452045060C000B8B42 /* Main.storyboard */,
				01F679482045060C000B8B42 /* Assets.xcassets */,
				01F6794A2045060C000B8B42 /* LaunchScreen.storyboard */,
				01F6795320450628000B8B42 /* Sample.plist */,
				01F6795720453495000B8B42 /* MyUserDefaults.plist */,
				01F6794D2045060C000B8B42 /* Info.plist */,
			);
			path = PlistSample;
			sourceTree = "<group>";
		};
/* End PBXGroup section */

/* Begin PBXNativeTarget section */
		01F6793D2045060C000B8B42 /* PlistSample */ = {
			isa = PBXNativeTarget;
			buildConfigurationList = 01F679502045060C000B8B42 /* Build configuration list for PBXNativeTarget "PlistSample" */;
			buildPhases = (
				01F6793A2045060C000B8B42 /* Sources */,
				01F6793B2045060C000B8B42 /* Frameworks */,
				01F6793C2045060C000B8B42 /* Resources */,
			);
			buildRules = (
			);
			dependencies = (
			);
			name = PlistSample;
			productName = PlistSample;
			productReference = 01F6793E2045060C000B8B42 /* PlistSample.app */;
			productType = "com.apple.product-type.application";
		};
/* End PBXNativeTarget section */

/* Begin PBXProject section */
		01F679362045060C000B8B42 /* Project object */ = {
			isa = PBXProject;
			attributes = {
				LastSwiftUpdateCheck = 0920;
				LastUpgradeCheck = 0920;
				ORGANIZATIONNAME = "hansub yoo";
				TargetAttributes = {
					01F6793D2045060C000B8B42 = {
						CreatedOnToolsVersion = 9.2;
						ProvisioningStyle = Automatic;
					};
				};
			};
			buildConfigurationList = 01F679392045060C000B8B42 /* Build configuration list for PBXProject "PlistSample" */;
			compatibilityVersion = "Xcode 8.0";
			developmentRegion = en;
			hasScannedForEncodings = 0;
			knownRegions = (
				en,
				Base,
			);
			mainGroup = 01F679352045060C000B8B42;
			productRefGroup = 01F6793F2045060C000B8B42 /* Products */;
			projectDirPath = "";
			projectRoot = "";
			targets = (
				01F6793D2045060C000B8B42 /* PlistSample */,
			);
		};
/* End PBXProject section */

/* Begin PBXResourcesBuildPhase section */
		01F6793C2045060C000B8B42 /* Resources */ = {
			isa = PBXResourcesBuildPhase;
			buildActionMask = 2147483647;
			files = (
				01F6795420450628000B8B42 /* Sample.plist in Resources */,
				01F6794C2045060C000B8B42 /* LaunchScreen.storyboard in Resources */,
				01F6795820453495000B8B42 /* MyUserDefaults.plist in Resources */,
				01F679492045060C000B8B42 /* Assets.xcassets in Resources */,
				01F679472045060C000B8B42 /* Main.storyboard in Resources */,
			);
			runOnlyForDeploymentPostprocessing = 0;
		};
/* End PBXResourcesBuildPhase section */

/* Begin PBXSourcesBuildPhase section */
		01F6793A2045060C000B8B42 /* Sources */ = {
			isa = PBXSourcesBuildPhase;
			buildActionMask = 2147483647;
			files = (
				01F67956204532DD000B8B42 /* MyUserDefaults.swift in Sources */,
				01F679442045060C000B8B42 /* ViewController.swift in Sources */,
				01F679422045060C000B8B42 /* AppDelegate.swift in Sources */,
			);
			runOnlyForDeploymentPostprocessing = 0;
		};
/* End PBXSourcesBuildPhase section */

/* Begin PBXVariantGroup section */
		01F679452045060C000B8B42 /* Main.storyboard */ = {
			isa = PBXVariantGroup;
			children = (
				01F679462045060C000B8B42 /* Base */,
			);
			name = Main.storyboard;
			sourceTree = "<group>";
		};
		01F6794A2045060C000B8B42 /* LaunchScreen.storyboard */ = {
			isa = PBXVariantGroup;
			children = (
				01F6794B2045060C000B8B42 /* Base */,
			);
			name = LaunchScreen.storyboard;
			sourceTree = "<group>";
		};
/* End PBXVariantGroup section */

/* Begin XCBuildConfiguration section */
		01F6794E2045060C000B8B42 /* Debug */ = {
			isa = XCBuildConfiguration;
			buildSettings = {
				ALWAYS_SEARCH_USER_PATHS = NO;
				CLANG_ANALYZER_NONNULL = YES;
				CLANG_ANALYZER_NUMBER_OBJECT_CONVERSION = YES_AGGRESSIVE;
				CLANG_CXX_LANGUAGE_STANDARD = "gnu++14";
				CLANG_CXX_LIBRARY = "libc++";
				CLANG_ENABLE_MODULES = YES;
				CLANG_ENABLE_OBJC_ARC = YES;
				CLANG_WARN_BLOCK_CAPTURE_AUTORELEASING = YES;
				CLANG_WARN_BOOL_CONVERSION = YES;
				CLANG_WARN_COMMA = YES;
				CLANG_WARN_CONSTANT_CONVERSION = YES;
				CLANG_WARN_DIRECT_OBJC_ISA_USAGE = YES_ERROR;
				CLANG_WARN_DOCUMENTATION_COMMENTS = YES;
				CLANG_WARN_EMPTY_BODY = YES;
				CLANG_WARN_ENUM_CONVERSION = YES;
				CLANG_WARN_INFINITE_RECURSION = YES;
				CLANG_WARN_INT_CONVERSION = YES;
				CLANG_WARN_NON_LITERAL_NULL_CONVERSION = YES;
				CLANG_WARN_OBJC_LITERAL_CONVERSION = YES;
				CLANG_WARN_OBJC_ROOT_CLASS = YES_ERROR;
				CLANG_WARN_RANGE_LOOP_ANALYSIS = YES;
				CLANG_WARN_STRICT_PROTOTYPES = YES;
				CLANG_WARN_SUSPICIOUS_MOVE = YES;
				CLANG_WARN_UNGUARDED_AVAILABILITY = YES_AGGRESSIVE;
				CLANG_WARN_UNREACHABLE_CODE = YES;
				CLANG_WARN__DUPLICATE_METHOD_MATCH = YES;
				CODE_SIGN_IDENTITY = "iPhone Developer";
				COPY_PHASE_STRIP = NO;
				DEBUG_INFORMATION_FORMAT = dwarf;
				ENABLE_STRICT_OBJC_MSGSEND = YES;
				ENABLE_TESTABILITY = YES;
				GCC_C_LANGUAGE_STANDARD = gnu11;
				GCC_DYNAMIC_NO_PIC = NO;
				GCC_NO_COMMON_BLOCKS = YES;
				GCC_OPTIMIZATION_LEVEL = 0;
				GCC_PREPROCESSOR_DEFINITIONS = (
					"DEBUG=1",
					"$(inherited)",
				);
				GCC_WARN_64_TO_32_BIT_CONVERSION = YES;
				GCC_WARN_ABOUT_RETURN_TYPE = YES_ERROR;
				GCC_WARN_UNDECLARED_SELECTOR = YES;
				GCC_WARN_UNINITIALIZED_AUTOS = YES_AGGRESSIVE;
				GCC_WARN_UNUSED_FUNCTION = YES;
				GCC_WARN_UNUSED_VARIABLE = YES;
				IPHONEOS_DEPLOYMENT_TARGET = 11.2;
				MTL_ENABLE_DEBUG_INFO = YES;
				ONLY_ACTIVE_ARCH = YES;
				SDKROOT = iphoneos;
				SWIFT_ACTIVE_COMPILATION_CONDITIONS = DEBUG;
				SWIFT_OPTIMIZATION_LEVEL = "-Onone";
			};
			name = Debug;
		};
		01F6794F2045060C000B8B42 /* Release */ = {
			isa = XCBuildConfiguration;
			buildSettings = {
				ALWAYS_SEARCH_USER_PATHS = NO;
				CLANG_ANALYZER_NONNULL = YES;
				CLANG_ANALYZER_NUMBER_OBJECT_CONVERSION = YES_AGGRESSIVE;
				CLANG_CXX_LANGUAGE_STANDARD = "gnu++14";
				CLANG_CXX_LIBRARY = "libc++";
				CLANG_ENABLE_MODULES = YES;
				CLANG_ENABLE_OBJC_ARC = YES;
				CLANG_WARN_BLOCK_CAPTURE_AUTORELEASING = YES;
				CLANG_WARN_BOOL_CONVERSION = YES;
				CLANG_WARN_COMMA = YES;
				CLANG_WARN_CONSTANT_CONVERSION = YES;
				CLANG_WARN_DIRECT_OBJC_ISA_USAGE = YES_ERROR;
				CLANG_WARN_DOCUMENTATION_COMMENTS = YES;
				CLANG_WARN_EMPTY_BODY = YES;
				CLANG_WARN_ENUM_CONVERSION = YES;
				CLANG_WARN_INFINITE_RECURSION = YES;
				CLANG_WARN_INT_CONVERSION = YES;
				CLANG_WARN_NON_LITERAL_NULL_CONVERSION = YES;
				CLANG_WARN_OBJC_LITERAL_CONVERSION = YES;
				CLANG_WARN_OBJC_ROOT_CLASS = YES_ERROR;
				CLANG_WARN_RANGE_LOOP_ANALYSIS = YES;
				CLANG_WARN_STRICT_PROTOTYPES = YES;
				CLANG_WARN_SUSPICIOUS_MOVE = YES;
				CLANG_WARN_UNGUARDED_AVAILABILITY = YES_AGGRESSIVE;
				CLANG_WARN_UNREACHABLE_CODE = YES;
				CLANG_WARN__DUPLICATE_METHOD_MATCH = YES;
				CODE_SIGN_IDENTITY = "iPhone Developer";
				COPY_PHASE_STRIP = NO;
				DEBUG_INFORMATION_FORMAT = "dwarf-with-dsym";
				ENABLE_NS_ASSERTIONS = NO;
				ENABLE_STRICT_OBJC_MSGSEND = YES;
				GCC_C_LANGUAGE_STANDARD = gnu11;
				GCC_NO_COMMON_BLOCKS = YES;
				GCC_WARN_64_TO_32_BIT_CONVERSION = YES;
				GCC_WARN_ABOUT_RETURN_TYPE = YES_ERROR;
				GCC_WARN_UNDECLARED_SELECTOR = YES;
				GCC_WARN_UNINITIALIZED_AUTOS = YES_AGGRESSIVE;
				GCC_WARN_UNUSED_FUNCTION = YES;
				GCC_WARN_UNUSED_VARIABLE = YES;
				IPHONEOS_DEPLOYMENT_TARGET = 11.2;
				MTL_ENABLE_DEBUG_INFO = NO;
				SDKROOT = iphoneos;
				SWIFT_OPTIMIZATION_LEVEL = "-Owholemodule";
				VALIDATE_PRODUCT = YES;
			};
			name = Release;
		};
		01F679512045060C000B8B42 /* Debug */ = {
			isa = XCBuildConfiguration;
			buildSettings = {
				ASSETCATALOG_COMPILER_APPICON_NAME = AppIcon;
				CODE_SIGN_STYLE = Automatic;
				INFOPLIST_FILE = PlistSample/Info.plist;
				LD_RUNPATH_SEARCH_PATHS = "$(inherited) @executable_path/Frameworks";
				PRODUCT_BUNDLE_IDENTIFIER = com.yoo.PlistSample;
				PRODUCT_NAME = "$(TARGET_NAME)";
				SWIFT_VERSION = 4.0;
				TARGETED_DEVICE_FAMILY = "1,2";
			};
			name = Debug;
		};
		01F679522045060C000B8B42 /* Release */ = {
			isa = XCBuildConfiguration;
			buildSettings = {
				ASSETCATALOG_COMPILER_APPICON_NAME = AppIcon;
				CODE_SIGN_STYLE = Automatic;
				INFOPLIST_FILE = PlistSample/Info.plist;
				LD_RUNPATH_SEARCH_PATHS = "$(inherited) @executable_path/Frameworks";
				PRODUCT_BUNDLE_IDENTIFIER = com.yoo.PlistSample;
				PRODUCT_NAME = "$(TARGET_NAME)";
				SWIFT_VERSION = 4.0;
				TARGETED_DEVICE_FAMILY = "1,2";
			};
			name = Release;
		};
/* End XCBuildConfiguration section */

/* Begin XCConfigurationList section */
		01F679392045060C000B8B42 /* Build configuration list for PBXProject "PlistSample" */ = {
			isa = XCConfigurationList;
			buildConfigurations = (
				01F6794E2045060C000B8B42 /* Debug */,
				01F6794F2045060C000B8B42 /* Release */,
			);
			defaultConfigurationIsVisible = 0;
			defaultConfigurationName = Release;
		};
		01F679502045060C000B8B42 /* Build configuration list for PBXNativeTarget "PlistSample" */ = {
			isa = XCConfigurationList;
			buildConfigurations = (
				01F679512045060C000B8B42 /* Debug */,
				01F679522045060C000B8B42 /* Release */,
			);
			defaultConfigurationIsVisible = 0;
			defaultConfigurationName = Release;
		};
/* End XCConfigurationList section */
	};
	rootObject = 01F679362045060C000B8B42 /* Project object */;
}
