// !$*UTF8*$!
{
	archiveVersion = 1;
	classes = {
	};
	objectVersion = 48;
	objects = {

/* Begin PBXBuildFile section */
		01686603203E560A00AC511C /* AppDelegate.swift in Sources */ = {isa = PBXBuildFile; fileRef = 01686602203E560A00AC511C /* AppDelegate.swift */; };
		01686605203E560A00AC511C /* ViewController.swift in Sources */ = {isa = PBXBuildFile; fileRef = 01686604203E560A00AC511C /* ViewController.swift */; };
		01686608203E560A00AC511C /* Main.storyboard in Resources */ = {isa = PBXBuildFile; fileRef = 01686606203E560A00AC511C /* Main.storyboard */; };
		0168660A203E560A00AC511C /* Assets.xcassets in Resources */ = {isa = PBXBuildFile; fileRef = 01686609203E560A00AC511C /* Assets.xcassets */; };
		0168660D203E560A00AC511C /* LaunchScreen.storyboard in Resources */ = {isa = PBXBuildFile; fileRef = 0168660B203E560A00AC511C /* LaunchScreen.storyboard */; };
		01686615203E5A3000AC511C /* TableViewCell.swift in Sources */ = {isa = PBXBuildFile; fileRef = 01686614203E5A3000AC511C /* TableViewCell.swift */; };
		01686619203E656D00AC511C /* MessageView.swift in Sources */ = {isa = PBXBuildFile; fileRef = 01686618203E656D00AC511C /* MessageView.swift */; };
/* End PBXBuildFile section */

/* Begin PBXFileReference section */
		016865FF203E560A00AC511C /* TableView2.app */ = {isa = PBXFileReference; explicitFileType = wrapper.application; includeInIndex = 0; path = TableView2.app; sourceTree = BUILT_PRODUCTS_DIR; };
		01686602203E560A00AC511C /* AppDelegate.swift */ = {isa = PBXFileReference; lastKnownFileType = sourcecode.swift; path = AppDelegate.swift; sourceTree = "<group>"; };
		01686604203E560A00AC511C /* ViewController.swift */ = {isa = PBXFileReference; lastKnownFileType = sourcecode.swift; path = ViewController.swift; sourceTree = "<group>"; };
		01686607203E560A00AC511C /* Base */ = {isa = PBXFileReference; lastKnownFileType = file.storyboard; name = Base; path = Base.lproj/Main.storyboard; sourceTree = "<group>"; };
		01686609203E560A00AC511C /* Assets.xcassets */ = {isa = PBXFileReference; lastKnownFileType = folder.assetcatalog; path = Assets.xcassets; sourceTree = "<group>"; };
		0168660C203E560A00AC511C /* Base */ = {isa = PBXFileReference; lastKnownFileType = file.storyboard; name = Base; path = Base.lproj/LaunchScreen.storyboard; sourceTree = "<group>"; };
		0168660E203E560A00AC511C /* Info.plist */ = {isa = PBXFileReference; lastKnownFileType = text.plist.xml; path = Info.plist; sourceTree = "<group>"; };
		01686614203E5A3000AC511C /* TableViewCell.swift */ = {isa = PBXFileReference; lastKnownFileType = sourcecode.swift; path = TableViewCell.swift; sourceTree = "<group>"; };
		01686618203E656D00AC511C /* MessageView.swift */ = {isa = PBXFileReference; lastKnownFileType = sourcecode.swift; path = MessageView.swift; sourceTree = "<group>"; };
/* End PBXFileReference section */

/* Begin PBXFrameworksBuildPhase section */
		016865FC203E560A00AC511C /* Frameworks */ = {
			isa = PBXFrameworksBuildPhase;
			buildActionMask = 2147483647;
			files = (
			);
			runOnlyForDeploymentPostprocessing = 0;
		};
/* End PBXFrameworksBuildPhase section */

/* Begin PBXGroup section */
		016865F6203E560A00AC511C = {
			isa = PBXGroup;
			children = (
				01686601203E560A00AC511C /* TableView2 */,
				01686600203E560A00AC511C /* Products */,
			);
			sourceTree = "<group>";
		};
		01686600203E560A00AC511C /* Products */ = {
			isa = PBXGroup;
			children = (
				016865FF203E560A00AC511C /* TableView2.app */,
			);
			name = Products;
			sourceTree = "<group>";
		};
		01686601203E560A00AC511C /* TableView2 */ = {
			isa = PBXGroup;
			children = (
				01686602203E560A00AC511C /* AppDelegate.swift */,
				01686604203E560A00AC511C /* ViewController.swift */,
				01686614203E5A3000AC511C /* TableViewCell.swift */,
				01686618203E656D00AC511C /* MessageView.swift */,
				01686606203E560A00AC511C /* Main.storyboard */,
				01686609203E560A00AC511C /* Assets.xcassets */,
				0168660B203E560A00AC511C /* LaunchScreen.storyboard */,
				0168660E203E560A00AC511C /* Info.plist */,
			);
			path = TableView2;
			sourceTree = "<group>";
		};
/* End PBXGroup section */

/* Begin PBXNativeTarget section */
		016865FE203E560A00AC511C /* TableView2 */ = {
			isa = PBXNativeTarget;
			buildConfigurationList = 01686611203E560A00AC511C /* Build configuration list for PBXNativeTarget "TableView2" */;
			buildPhases = (
				016865FB203E560A00AC511C /* Sources */,
				016865FC203E560A00AC511C /* Frameworks */,
				016865FD203E560A00AC511C /* Resources */,
			);
			buildRules = (
			);
			dependencies = (
			);
			name = TableView2;
			productName = TableView2;
			productReference = 016865FF203E560A00AC511C /* TableView2.app */;
			productType = "com.apple.product-type.application";
		};
/* End PBXNativeTarget section */

/* Begin PBXProject section */
		016865F7203E560A00AC511C /* Project object */ = {
			isa = PBXProject;
			attributes = {
				LastSwiftUpdateCheck = 0920;
				LastUpgradeCheck = 0920;
				ORGANIZATIONNAME = "hansub yoo";
				TargetAttributes = {
					016865FE203E560A00AC511C = {
						CreatedOnToolsVersion = 9.2;
						ProvisioningStyle = Automatic;
					};
				};
			};
			buildConfigurationList = 016865FA203E560A00AC511C /* Build configuration list for PBXProject "TableView2" */;
			compatibilityVersion = "Xcode 8.0";
			developmentRegion = en;
			hasScannedForEncodings = 0;
			knownRegions = (
				en,
				Base,
			);
			mainGroup = 016865F6203E560A00AC511C;
			productRefGroup = 01686600203E560A00AC511C /* Products */;
			projectDirPath = "";
			projectRoot = "";
			targets = (
				016865FE203E560A00AC511C /* TableView2 */,
			);
		};
/* End PBXProject section */

/* Begin PBXResourcesBuildPhase section */
		016865FD203E560A00AC511C /* Resources */ = {
			isa = PBXResourcesBuildPhase;
			buildActionMask = 2147483647;
			files = (
				0168660D203E560A00AC511C /* LaunchScreen.storyboard in Resources */,
				0168660A203E560A00AC511C /* Assets.xcassets in Resources */,
				01686608203E560A00AC511C /* Main.storyboard in Resources */,
			);
			runOnlyForDeploymentPostprocessing = 0;
		};
/* End PBXResourcesBuildPhase section */

/* Begin PBXSourcesBuildPhase section */
		016865FB203E560A00AC511C /* Sources */ = {
			isa = PBXSourcesBuildPhase;
			buildActionMask = 2147483647;
			files = (
				01686619203E656D00AC511C /* MessageView.swift in Sources */,
				01686615203E5A3000AC511C /* TableViewCell.swift in Sources */,
				01686605203E560A00AC511C /* ViewController.swift in Sources */,
				01686603203E560A00AC511C /* AppDelegate.swift in Sources */,
			);
			runOnlyForDeploymentPostprocessing = 0;
		};
/* End PBXSourcesBuildPhase section */

/* Begin PBXVariantGroup section */
		01686606203E560A00AC511C /* Main.storyboard */ = {
			isa = PBXVariantGroup;
			children = (
				01686607203E560A00AC511C /* Base */,
			);
			name = Main.storyboard;
			sourceTree = "<group>";
		};
		0168660B203E560A00AC511C /* LaunchScreen.storyboard */ = {
			isa = PBXVariantGroup;
			children = (
				0168660C203E560A00AC511C /* Base */,
			);
			name = LaunchScreen.storyboard;
			sourceTree = "<group>";
		};
/* End PBXVariantGroup section */

/* Begin XCBuildConfiguration section */
		0168660F203E560A00AC511C /* Debug */ = {
			isa = XCBuildConfiguration;
			buildSettings = {
				ALWAYS_SEARCH_USER_PATHS = NO;
				CLANG_ANALYZER_NONNULL = YES;
				CLANG_ANALYZER_NUMBER_OBJECT_CONVERSION = YES_AGGRESSIVE;
				CLANG_CXX_LANGUAGE_STANDARD = "gnu++14";
				CLANG_CXX_LIBRARY = "libc++";
				CLANG_ENABLE_MODULES = YES;
				CLANG_ENABLE_OBJC_ARC = YES;
				CLANG_WARN_BLOCK_CAPTURE_AUTORELEASING = YES;
				CLANG_WARN_BOOL_CONVERSION = YES;
				CLANG_WARN_COMMA = YES;
				CLANG_WARN_CONSTANT_CONVERSION = YES;
				CLANG_WARN_DIRECT_OBJC_ISA_USAGE = YES_ERROR;
				CLANG_WARN_DOCUMENTATION_COMMENTS = YES;
				CLANG_WARN_EMPTY_BODY = YES;
				CLANG_WARN_ENUM_CONVERSION = YES;
				CLANG_WARN_INFINITE_RECURSION = YES;
				CLANG_WARN_INT_CONVERSION = YES;
				CLANG_WARN_NON_LITERAL_NULL_CONVERSION = YES;
				CLANG_WARN_OBJC_LITERAL_CONVERSION = YES;
				CLANG_WARN_OBJC_ROOT_CLASS = YES_ERROR;
				CLANG_WARN_RANGE_LOOP_ANALYSIS = YES;
				CLANG_WARN_STRICT_PROTOTYPES = YES;
				CLANG_WARN_SUSPICIOUS_MOVE = YES;
				CLANG_WARN_UNGUARDED_AVAILABILITY = YES_AGGRESSIVE;
				CLANG_WARN_UNREACHABLE_CODE = YES;
				CLANG_WARN__DUPLICATE_METHOD_MATCH = YES;
				CODE_SIGN_IDENTITY = "iPhone Developer";
				COPY_PHASE_STRIP = NO;
				DEBUG_INFORMATION_FORMAT = dwarf;
				ENABLE_STRICT_OBJC_MSGSEND = YES;
				ENABLE_TESTABILITY = YES;
				GCC_C_LANGUAGE_STANDARD = gnu11;
				GCC_DYNAMIC_NO_PIC = NO;
				GCC_NO_COMMON_BLOCKS = YES;
				GCC_OPTIMIZATION_LEVEL = 0;
				GCC_PREPROCESSOR_DEFINITIONS = (
					"DEBUG=1",
					"$(inherited)",
				);
				GCC_WARN_64_TO_32_BIT_CONVERSION = YES;
				GCC_WARN_ABOUT_RETURN_TYPE = YES_ERROR;
				GCC_WARN_UNDECLARED_SELECTOR = YES;
				GCC_WARN_UNINITIALIZED_AUTOS = YES_AGGRESSIVE;
				GCC_WARN_UNUSED_FUNCTION = YES;
				GCC_WARN_UNUSED_VARIABLE = YES;
				IPHONEOS_DEPLOYMENT_TARGET = 11.2;
				MTL_ENABLE_DEBUG_INFO = YES;
				ONLY_ACTIVE_ARCH = YES;
				SDKROOT = iphoneos;
				SWIFT_ACTIVE_COMPILATION_CONDITIONS = DEBUG;
				SWIFT_OPTIMIZATION_LEVEL = "-Onone";
			};
			name = Debug;
		};
		01686610203E560A00AC511C /* Release */ = {
			isa = XCBuildConfiguration;
			buildSettings = {
				ALWAYS_SEARCH_USER_PATHS = NO;
				CLANG_ANALYZER_NONNULL = YES;
				CLANG_ANALYZER_NUMBER_OBJECT_CONVERSION = YES_AGGRESSIVE;
				CLANG_CXX_LANGUAGE_STANDARD = "gnu++14";
				CLANG_CXX_LIBRARY = "libc++";
				CLANG_ENABLE_MODULES = YES;
				CLANG_ENABLE_OBJC_ARC = YES;
				CLANG_WARN_BLOCK_CAPTURE_AUTORELEASING = YES;
				CLANG_WARN_BOOL_CONVERSION = YES;
				CLANG_WARN_COMMA = YES;
				CLANG_WARN_CONSTANT_CONVERSION = YES;
				CLANG_WARN_DIRECT_OBJC_ISA_USAGE = YES_ERROR;
				CLANG_WARN_DOCUMENTATION_COMMENTS = YES;
				CLANG_WARN_EMPTY_BODY = YES;
				CLANG_WARN_ENUM_CONVERSION = YES;
				CLANG_WARN_INFINITE_RECURSION = YES;
				CLANG_WARN_INT_CONVERSION = YES;
				CLANG_WARN_NON_LITERAL_NULL_CONVERSION = YES;
				CLANG_WARN_OBJC_LITERAL_CONVERSION = YES;
				CLANG_WARN_OBJC_ROOT_CLASS = YES_ERROR;
				CLANG_WARN_RANGE_LOOP_ANALYSIS = YES;
				CLANG_WARN_STRICT_PROTOTYPES = YES;
				CLANG_WARN_SUSPICIOUS_MOVE = YES;
				CLANG_WARN_UNGUARDED_AVAILABILITY = YES_AGGRESSIVE;
				CLANG_WARN_UNREACHABLE_CODE = YES;
				CLANG_WARN__DUPLICATE_METHOD_MATCH = YES;
				CODE_SIGN_IDENTITY = "iPhone Developer";
				COPY_PHASE_STRIP = NO;
				DEBUG_INFORMATION_FORMAT = "dwarf-with-dsym";
				ENABLE_NS_ASSERTIONS = NO;
				ENABLE_STRICT_OBJC_MSGSEND = YES;
				GCC_C_LANGUAGE_STANDARD = gnu11;
				GCC_NO_COMMON_BLOCKS = YES;
				GCC_WARN_64_TO_32_BIT_CONVERSION = YES;
				GCC_WARN_ABOUT_RETURN_TYPE = YES_ERROR;
				GCC_WARN_UNDECLARED_SELECTOR = YES;
				GCC_WARN_UNINITIALIZED_AUTOS = YES_AGGRESSIVE;
				GCC_WARN_UNUSED_FUNCTION = YES;
				GCC_WARN_UNUSED_VARIABLE = YES;
				IPHONEOS_DEPLOYMENT_TARGET = 11.2;
				MTL_ENABLE_DEBUG_INFO = NO;
				SDKROOT = iphoneos;
				SWIFT_OPTIMIZATION_LEVEL = "-Owholemodule";
				VALIDATE_PRODUCT = YES;
			};
			name = Release;
		};
		01686612203E560A00AC511C /* Debug */ = {
			isa = XCBuildConfiguration;
			buildSettings = {
				ASSETCATALOG_COMPILER_APPICON_NAME = AppIcon;
				CODE_SIGN_STYLE = Automatic;
				INFOPLIST_FILE = TableView2/Info.plist;
				LD_RUNPATH_SEARCH_PATHS = "$(inherited) @executable_path/Frameworks";
				PRODUCT_BUNDLE_IDENTIFIER = com.yoo.TableView2;
				PRODUCT_NAME = "$(TARGET_NAME)";
				SWIFT_VERSION = 4.0;
				TARGETED_DEVICE_FAMILY = "1,2";
			};
			name = Debug;
		};
		01686613203E560A00AC511C /* Release */ = {
			isa = XCBuildConfiguration;
			buildSettings = {
				ASSETCATALOG_COMPILER_APPICON_NAME = AppIcon;
				CODE_SIGN_STYLE = Automatic;
				INFOPLIST_FILE = TableView2/Info.plist;
				LD_RUNPATH_SEARCH_PATHS = "$(inherited) @executable_path/Frameworks";
				PRODUCT_BUNDLE_IDENTIFIER = com.yoo.TableView2;
				PRODUCT_NAME = "$(TARGET_NAME)";
				SWIFT_VERSION = 4.0;
				TARGETED_DEVICE_FAMILY = "1,2";
			};
			name = Release;
		};
/* End XCBuildConfiguration section */

/* Begin XCConfigurationList section */
		016865FA203E560A00AC511C /* Build configuration list for PBXProject "TableView2" */ = {
			isa = XCConfigurationList;
			buildConfigurations = (
				0168660F203E560A00AC511C /* Debug */,
				01686610203E560A00AC511C /* Release */,
			);
			defaultConfigurationIsVisible = 0;
			defaultConfigurationName = Release;
		};
		01686611203E560A00AC511C /* Build configuration list for PBXNativeTarget "TableView2" */ = {
			isa = XCConfigurationList;
			buildConfigurations = (
				01686612203E560A00AC511C /* Debug */,
				01686613203E560A00AC511C /* Release */,
			);
			defaultConfigurationIsVisible = 0;
			defaultConfigurationName = Release;
		};
/* End XCConfigurationList section */
	};
	rootObject = 016865F7203E560A00AC511C /* Project object */;
}
