// !$*UTF8*$!
{
	archiveVersion = 1;
	classes = {
	};
	objectVersion = 48;
	objects = {

/* Begin PBXBuildFile section */
		0153927D202427B60069498D /* AppDelegate.swift in Sources */ = {isa = PBXBuildFile; fileRef = 0153927C202427B60069498D /* AppDelegate.swift */; };
		0153927F202427B60069498D /* ViewController.swift in Sources */ = {isa = PBXBuildFile; fileRef = 0153927E202427B60069498D /* ViewController.swift */; };
		01539282202427B60069498D /* Main.storyboard in Resources */ = {isa = PBXBuildFile; fileRef = 01539280202427B60069498D /* Main.storyboard */; };
		01539284202427B60069498D /* Assets.xcassets in Resources */ = {isa = PBXBuildFile; fileRef = 01539283202427B60069498D /* Assets.xcassets */; };
		01539287202427B60069498D /* LaunchScreen.storyboard in Resources */ = {isa = PBXBuildFile; fileRef = 01539285202427B60069498D /* LaunchScreen.storyboard */; };
		01539291202428010069498D /* MyCustomView.swift in Sources */ = {isa = PBXBuildFile; fileRef = 01539290202428010069498D /* MyCustomView.swift */; };
		01A8A8212024307900CF581C /* GirlsGeneration.jpg in Resources */ = {isa = PBXBuildFile; fileRef = 01A8A8202024307800CF581C /* GirlsGeneration.jpg */; };
		01A8A82520243A7000CF581C /* makeUI.swift in Sources */ = {isa = PBXBuildFile; fileRef = 01A8A82420243A7000CF581C /* makeUI.swift */; };
/* End PBXBuildFile section */

/* Begin PBXFileReference section */
		01539279202427B60069498D /* UITest2.app */ = {isa = PBXFileReference; explicitFileType = wrapper.application; includeInIndex = 0; path = UITest2.app; sourceTree = BUILT_PRODUCTS_DIR; };
		0153927C202427B60069498D /* AppDelegate.swift */ = {isa = PBXFileReference; lastKnownFileType = sourcecode.swift; path = AppDelegate.swift; sourceTree = "<group>"; };
		0153927E202427B60069498D /* ViewController.swift */ = {isa = PBXFileReference; lastKnownFileType = sourcecode.swift; path = ViewController.swift; sourceTree = "<group>"; };
		01539281202427B60069498D /* Base */ = {isa = PBXFileReference; lastKnownFileType = file.storyboard; name = Base; path = Base.lproj/Main.storyboard; sourceTree = "<group>"; };
		01539283202427B60069498D /* Assets.xcassets */ = {isa = PBXFileReference; lastKnownFileType = folder.assetcatalog; path = Assets.xcassets; sourceTree = "<group>"; };
		01539286202427B60069498D /* Base */ = {isa = PBXFileReference; lastKnownFileType = file.storyboard; name = Base; path = Base.lproj/LaunchScreen.storyboard; sourceTree = "<group>"; };
		01539288202427B60069498D /* Info.plist */ = {isa = PBXFileReference; lastKnownFileType = text.plist.xml; path = Info.plist; sourceTree = "<group>"; };
		01539290202428010069498D /* MyCustomView.swift */ = {isa = PBXFileReference; lastKnownFileType = sourcecode.swift; path = MyCustomView.swift; sourceTree = "<group>"; };
		01A8A8202024307800CF581C /* GirlsGeneration.jpg */ = {isa = PBXFileReference; lastKnownFileType = image.jpeg; path = GirlsGeneration.jpg; sourceTree = "<group>"; };
		01A8A82420243A7000CF581C /* makeUI.swift */ = {isa = PBXFileReference; lastKnownFileType = sourcecode.swift; path = makeUI.swift; sourceTree = "<group>"; };
/* End PBXFileReference section */

/* Begin PBXFrameworksBuildPhase section */
		01539276202427B60069498D /* Frameworks */ = {
			isa = PBXFrameworksBuildPhase;
			buildActionMask = 2147483647;
			files = (
			);
			runOnlyForDeploymentPostprocessing = 0;
		};
/* End PBXFrameworksBuildPhase section */

/* Begin PBXGroup section */
		01539270202427B60069498D = {
			isa = PBXGroup;
			children = (
				0153927B202427B60069498D /* UITest2 */,
				0153927A202427B60069498D /* Products */,
			);
			sourceTree = "<group>";
		};
		0153927A202427B60069498D /* Products */ = {
			isa = PBXGroup;
			children = (
				01539279202427B60069498D /* UITest2.app */,
			);
			name = Products;
			sourceTree = "<group>";
		};
		0153927B202427B60069498D /* UITest2 */ = {
			isa = PBXGroup;
			children = (
				0153927C202427B60069498D /* AppDelegate.swift */,
				0153927E202427B60069498D /* ViewController.swift */,
				01539290202428010069498D /* MyCustomView.swift */,
				01A8A82420243A7000CF581C /* makeUI.swift */,
				01539280202427B60069498D /* Main.storyboard */,
				01A8A8202024307800CF581C /* GirlsGeneration.jpg */,
				01539283202427B60069498D /* Assets.xcassets */,
				01539285202427B60069498D /* LaunchScreen.storyboard */,
				01539288202427B60069498D /* Info.plist */,
			);
			path = UITest2;
			sourceTree = "<group>";
		};
/* End PBXGroup section */

/* Begin PBXNativeTarget section */
		01539278202427B60069498D /* UITest2 */ = {
			isa = PBXNativeTarget;
			buildConfigurationList = 0153928B202427B60069498D /* Build configuration list for PBXNativeTarget "UITest2" */;
			buildPhases = (
				01539275202427B60069498D /* Sources */,
				01539276202427B60069498D /* Frameworks */,
				01539277202427B60069498D /* Resources */,
			);
			buildRules = (
			);
			dependencies = (
			);
			name = UITest2;
			productName = UITest2;
			productReference = 01539279202427B60069498D /* UITest2.app */;
			productType = "com.apple.product-type.application";
		};
/* End PBXNativeTarget section */

/* Begin PBXProject section */
		01539271202427B60069498D /* Project object */ = {
			isa = PBXProject;
			attributes = {
				LastSwiftUpdateCheck = 0920;
				LastUpgradeCheck = 0920;
				ORGANIZATIONNAME = "hansub yoo";
				TargetAttributes = {
					01539278202427B60069498D = {
						CreatedOnToolsVersion = 9.2;
						ProvisioningStyle = Automatic;
					};
				};
			};
			buildConfigurationList = 01539274202427B60069498D /* Build configuration list for PBXProject "UITest2" */;
			compatibilityVersion = "Xcode 8.0";
			developmentRegion = en;
			hasScannedForEncodings = 0;
			knownRegions = (
				en,
				Base,
			);
			mainGroup = 01539270202427B60069498D;
			productRefGroup = 0153927A202427B60069498D /* Products */;
			projectDirPath = "";
			projectRoot = "";
			targets = (
				01539278202427B60069498D /* UITest2 */,
			);
		};
/* End PBXProject section */

/* Begin PBXResourcesBuildPhase section */
		01539277202427B60069498D /* Resources */ = {
			isa = PBXResourcesBuildPhase;
			buildActionMask = 2147483647;
			files = (
				01539287202427B60069498D /* LaunchScreen.storyboard in Resources */,
				01A8A8212024307900CF581C /* GirlsGeneration.jpg in Resources */,
				01539284202427B60069498D /* Assets.xcassets in Resources */,
				01539282202427B60069498D /* Main.storyboard in Resources */,
			);
			runOnlyForDeploymentPostprocessing = 0;
		};
/* End PBXResourcesBuildPhase section */

/* Begin PBXSourcesBuildPhase section */
		01539275202427B60069498D /* Sources */ = {
			isa = PBXSourcesBuildPhase;
			buildActionMask = 2147483647;
			files = (
				0153927F202427B60069498D /* ViewController.swift in Sources */,
				01539291202428010069498D /* MyCustomView.swift in Sources */,
				0153927D202427B60069498D /* AppDelegate.swift in Sources */,
				01A8A82520243A7000CF581C /* makeUI.swift in Sources */,
			);
			runOnlyForDeploymentPostprocessing = 0;
		};
/* End PBXSourcesBuildPhase section */

/* Begin PBXVariantGroup section */
		01539280202427B60069498D /* Main.storyboard */ = {
			isa = PBXVariantGroup;
			children = (
				01539281202427B60069498D /* Base */,
			);
			name = Main.storyboard;
			sourceTree = "<group>";
		};
		01539285202427B60069498D /* LaunchScreen.storyboard */ = {
			isa = PBXVariantGroup;
			children = (
				01539286202427B60069498D /* Base */,
			);
			name = LaunchScreen.storyboard;
			sourceTree = "<group>";
		};
/* End PBXVariantGroup section */

/* Begin XCBuildConfiguration section */
		01539289202427B60069498D /* Debug */ = {
			isa = XCBuildConfiguration;
			buildSettings = {
				ALWAYS_SEARCH_USER_PATHS = NO;
				CLANG_ANALYZER_NONNULL = YES;
				CLANG_ANALYZER_NUMBER_OBJECT_CONVERSION = YES_AGGRESSIVE;
				CLANG_CXX_LANGUAGE_STANDARD = "gnu++14";
				CLANG_CXX_LIBRARY = "libc++";
				CLANG_ENABLE_MODULES = YES;
				CLANG_ENABLE_OBJC_ARC = YES;
				CLANG_WARN_BLOCK_CAPTURE_AUTORELEASING = YES;
				CLANG_WARN_BOOL_CONVERSION = YES;
				CLANG_WARN_COMMA = YES;
				CLANG_WARN_CONSTANT_CONVERSION = YES;
				CLANG_WARN_DIRECT_OBJC_ISA_USAGE = YES_ERROR;
				CLANG_WARN_DOCUMENTATION_COMMENTS = YES;
				CLANG_WARN_EMPTY_BODY = YES;
				CLANG_WARN_ENUM_CONVERSION = YES;
				CLANG_WARN_INFINITE_RECURSION = YES;
				CLANG_WARN_INT_CONVERSION = YES;
				CLANG_WARN_NON_LITERAL_NULL_CONVERSION = YES;
				CLANG_WARN_OBJC_LITERAL_CONVERSION = YES;
				CLANG_WARN_OBJC_ROOT_CLASS = YES_ERROR;
				CLANG_WARN_RANGE_LOOP_ANALYSIS = YES;
				CLANG_WARN_STRICT_PROTOTYPES = YES;
				CLANG_WARN_SUSPICIOUS_MOVE = YES;
				CLANG_WARN_UNGUARDED_AVAILABILITY = YES_AGGRESSIVE;
				CLANG_WARN_UNREACHABLE_CODE = YES;
				CLANG_WARN__DUPLICATE_METHOD_MATCH = YES;
				CODE_SIGN_IDENTITY = "iPhone Developer";
				COPY_PHASE_STRIP = NO;
				DEBUG_INFORMATION_FORMAT = dwarf;
				ENABLE_STRICT_OBJC_MSGSEND = YES;
				ENABLE_TESTABILITY = YES;
				GCC_C_LANGUAGE_STANDARD = gnu11;
				GCC_DYNAMIC_NO_PIC = NO;
				GCC_NO_COMMON_BLOCKS = YES;
				GCC_OPTIMIZATION_LEVEL = 0;
				GCC_PREPROCESSOR_DEFINITIONS = (
					"DEBUG=1",
					"$(inherited)",
				);
				GCC_WARN_64_TO_32_BIT_CONVERSION = YES;
				GCC_WARN_ABOUT_RETURN_TYPE = YES_ERROR;
				GCC_WARN_UNDECLARED_SELECTOR = YES;
				GCC_WARN_UNINITIALIZED_AUTOS = YES_AGGRESSIVE;
				GCC_WARN_UNUSED_FUNCTION = YES;
				GCC_WARN_UNUSED_VARIABLE = YES;
				IPHONEOS_DEPLOYMENT_TARGET = 11.2;
				MTL_ENABLE_DEBUG_INFO = YES;
				ONLY_ACTIVE_ARCH = YES;
				SDKROOT = iphoneos;
				SWIFT_ACTIVE_COMPILATION_CONDITIONS = DEBUG;
				SWIFT_OPTIMIZATION_LEVEL = "-Onone";
			};
			name = Debug;
		};
		0153928A202427B60069498D /* Release */ = {
			isa = XCBuildConfiguration;
			buildSettings = {
				ALWAYS_SEARCH_USER_PATHS = NO;
				CLANG_ANALYZER_NONNULL = YES;
				CLANG_ANALYZER_NUMBER_OBJECT_CONVERSION = YES_AGGRESSIVE;
				CLANG_CXX_LANGUAGE_STANDARD = "gnu++14";
				CLANG_CXX_LIBRARY = "libc++";
				CLANG_ENABLE_MODULES = YES;
				CLANG_ENABLE_OBJC_ARC = YES;
				CLANG_WARN_BLOCK_CAPTURE_AUTORELEASING = YES;
				CLANG_WARN_BOOL_CONVERSION = YES;
				CLANG_WARN_COMMA = YES;
				CLANG_WARN_CONSTANT_CONVERSION = YES;
				CLANG_WARN_DIRECT_OBJC_ISA_USAGE = YES_ERROR;
				CLANG_WARN_DOCUMENTATION_COMMENTS = YES;
				CLANG_WARN_EMPTY_BODY = YES;
				CLANG_WARN_ENUM_CONVERSION = YES;
				CLANG_WARN_INFINITE_RECURSION = YES;
				CLANG_WARN_INT_CONVERSION = YES;
				CLANG_WARN_NON_LITERAL_NULL_CONVERSION = YES;
				CLANG_WARN_OBJC_LITERAL_CONVERSION = YES;
				CLANG_WARN_OBJC_ROOT_CLASS = YES_ERROR;
				CLANG_WARN_RANGE_LOOP_ANALYSIS = YES;
				CLANG_WARN_STRICT_PROTOTYPES = YES;
				CLANG_WARN_SUSPICIOUS_MOVE = YES;
				CLANG_WARN_UNGUARDED_AVAILABILITY = YES_AGGRESSIVE;
				CLANG_WARN_UNREACHABLE_CODE = YES;
				CLANG_WARN__DUPLICATE_METHOD_MATCH = YES;
				CODE_SIGN_IDENTITY = "iPhone Developer";
				COPY_PHASE_STRIP = NO;
				DEBUG_INFORMATION_FORMAT = "dwarf-with-dsym";
				ENABLE_NS_ASSERTIONS = NO;
				ENABLE_STRICT_OBJC_MSGSEND = YES;
				GCC_C_LANGUAGE_STANDARD = gnu11;
				GCC_NO_COMMON_BLOCKS = YES;
				GCC_WARN_64_TO_32_BIT_CONVERSION = YES;
				GCC_WARN_ABOUT_RETURN_TYPE = YES_ERROR;
				GCC_WARN_UNDECLARED_SELECTOR = YES;
				GCC_WARN_UNINITIALIZED_AUTOS = YES_AGGRESSIVE;
				GCC_WARN_UNUSED_FUNCTION = YES;
				GCC_WARN_UNUSED_VARIABLE = YES;
				IPHONEOS_DEPLOYMENT_TARGET = 11.2;
				MTL_ENABLE_DEBUG_INFO = NO;
				SDKROOT = iphoneos;
				SWIFT_OPTIMIZATION_LEVEL = "-Owholemodule";
				VALIDATE_PRODUCT = YES;
			};
			name = Release;
		};
		0153928C202427B60069498D /* Debug */ = {
			isa = XCBuildConfiguration;
			buildSettings = {
				ASSETCATALOG_COMPILER_APPICON_NAME = AppIcon;
				CODE_SIGN_STYLE = Automatic;
				INFOPLIST_FILE = UITest2/Info.plist;
				LD_RUNPATH_SEARCH_PATHS = "$(inherited) @executable_path/Frameworks";
				PRODUCT_BUNDLE_IDENTIFIER = com.yoo.UITest2;
				PRODUCT_NAME = "$(TARGET_NAME)";
				SWIFT_VERSION = 4.0;
				TARGETED_DEVICE_FAMILY = "1,2";
			};
			name = Debug;
		};
		0153928D202427B60069498D /* Release */ = {
			isa = XCBuildConfiguration;
			buildSettings = {
				ASSETCATALOG_COMPILER_APPICON_NAME = AppIcon;
				CODE_SIGN_STYLE = Automatic;
				INFOPLIST_FILE = UITest2/Info.plist;
				LD_RUNPATH_SEARCH_PATHS = "$(inherited) @executable_path/Frameworks";
				PRODUCT_BUNDLE_IDENTIFIER = com.yoo.UITest2;
				PRODUCT_NAME = "$(TARGET_NAME)";
				SWIFT_VERSION = 4.0;
				TARGETED_DEVICE_FAMILY = "1,2";
			};
			name = Release;
		};
/* End XCBuildConfiguration section */

/* Begin XCConfigurationList section */
		01539274202427B60069498D /* Build configuration list for PBXProject "UITest2" */ = {
			isa = XCConfigurationList;
			buildConfigurations = (
				01539289202427B60069498D /* Debug */,
				0153928A202427B60069498D /* Release */,
			);
			defaultConfigurationIsVisible = 0;
			defaultConfigurationName = Release;
		};
		0153928B202427B60069498D /* Build configuration list for PBXNativeTarget "UITest2" */ = {
			isa = XCConfigurationList;
			buildConfigurations = (
				0153928C202427B60069498D /* Debug */,
				0153928D202427B60069498D /* Release */,
			);
			defaultConfigurationIsVisible = 0;
			defaultConfigurationName = Release;
		};
/* End XCConfigurationList section */
	};
	rootObject = 01539271202427B60069498D /* Project object */;
}
